
Microsoft Visual Studio Solution File, Format Version 11.00
# Visual Studio 2010
Project("{FAE04EC0-301F-11D3-BF4B-00C04F79EFBC}") = "NGKDevicesTerminal", "MeasuringDeviceTech\NGKDevicesTerminal.csproj", "{53371B9C-1303-4F65-8E04-AC854DB41088}"
EndProject
Project("{FAE04EC0-301F-11D3-BF4B-00C04F79EFBC}") = "WindowsFormsApplicationTest", "WindowsFormsApplication1\WindowsFormsApplicationTest.csproj", "{8A42AEA3-AB76-4848-A372-142C32A9913B}"
EndProject
Project("{54435603-DBB4-11D2-8724-00A0C9A8B90C}") = "Install", "Install\Install.vdproj", "{C479583F-6656-4024-906B-E2A3AEBD940D}"
EndProject
Project("{FAE04EC0-301F-11D3-BF4B-00C04F79EFBC}") = "AppLog", "AppLog\AppLog.csproj", "{B53A32B5-F220-4F0A-92A0-BFC892052A23}"
EndProject
Global
	GlobalSection(SolutionConfigurationPlatforms) = preSolution
		Debug|Any CPU = Debug|Any CPU
		Debug|Mixed Platforms = Debug|Mixed Platforms
		Debug|x86 = Debug|x86
		Release|Any CPU = Release|Any CPU
		Release|Mixed Platforms = Release|Mixed Platforms
		Release|x86 = Release|x86
	EndGlobalSection
	GlobalSection(ProjectConfigurationPlatforms) = postSolution
		{53371B9C-1303-4F65-8E04-AC854DB41088}.Debug|Any CPU.ActiveCfg = Debug|x86
		{53371B9C-1303-4F65-8E04-AC854DB41088}.Debug|Mixed Platforms.ActiveCfg = Debug|x86
		{53371B9C-1303-4F65-8E04-AC854DB41088}.Debug|Mixed Platforms.Build.0 = Debug|x86
		{53371B9C-1303-4F65-8E04-AC854DB41088}.Debug|x86.ActiveCfg = Debug|x86
		{53371B9C-1303-4F65-8E04-AC854DB41088}.Debug|x86.Build.0 = Debug|x86
		{53371B9C-1303-4F65-8E04-AC854DB41088}.Release|Any CPU.ActiveCfg = Release|x86
		{53371B9C-1303-4F65-8E04-AC854DB41088}.Release|Mixed Platforms.ActiveCfg = Release|x86
		{53371B9C-1303-4F65-8E04-AC854DB41088}.Release|Mixed Platforms.Build.0 = Release|x86
		{53371B9C-1303-4F65-8E04-AC854DB41088}.Release|x86.ActiveCfg = Release|x86
		{53371B9C-1303-4F65-8E04-AC854DB41088}.Release|x86.Build.0 = Release|x86
		{8A42AEA3-AB76-4848-A372-142C32A9913B}.Debug|Any CPU.ActiveCfg = Debug|x86
		{8A42AEA3-AB76-4848-A372-142C32A9913B}.Debug|Mixed Platforms.ActiveCfg = Debug|x86
		{8A42AEA3-AB76-4848-A372-142C32A9913B}.Debug|Mixed Platforms.Build.0 = Debug|x86
		{8A42AEA3-AB76-4848-A372-142C32A9913B}.Debug|x86.ActiveCfg = Debug|x86
		{8A42AEA3-AB76-4848-A372-142C32A9913B}.Debug|x86.Build.0 = Debug|x86
		{8A42AEA3-AB76-4848-A372-142C32A9913B}.Release|Any CPU.ActiveCfg = Release|x86
		{8A42AEA3-AB76-4848-A372-142C32A9913B}.Release|Mixed Platforms.ActiveCfg = Release|x86
		{8A42AEA3-AB76-4848-A372-142C32A9913B}.Release|Mixed Platforms.Build.0 = Release|x86
		{8A42AEA3-AB76-4848-A372-142C32A9913B}.Release|x86.ActiveCfg = Release|x86
		{8A42AEA3-AB76-4848-A372-142C32A9913B}.Release|x86.Build.0 = Release|x86
		{C479583F-6656-4024-906B-E2A3AEBD940D}.Debug|Any CPU.ActiveCfg = Debug
		{C479583F-6656-4024-906B-E2A3AEBD940D}.Debug|Any CPU.Build.0 = Debug
		{C479583F-6656-4024-906B-E2A3AEBD940D}.Debug|Mixed Platforms.ActiveCfg = Debug
		{C479583F-6656-4024-906B-E2A3AEBD940D}.Debug|x86.ActiveCfg = Release
		{C479583F-6656-4024-906B-E2A3AEBD940D}.Release|Any CPU.ActiveCfg = Release
		{C479583F-6656-4024-906B-E2A3AEBD940D}.Release|Any CPU.Build.0 = Release
		{C479583F-6656-4024-906B-E2A3AEBD940D}.Release|Mixed Platforms.ActiveCfg = Release
		{C479583F-6656-4024-906B-E2A3AEBD940D}.Release|Mixed Platforms.Build.0 = Release
		{C479583F-6656-4024-906B-E2A3AEBD940D}.Release|x86.ActiveCfg = Release
		{B53A32B5-F220-4F0A-92A0-BFC892052A23}.Debug|Any CPU.ActiveCfg = Debug|Any CPU
		{B53A32B5-F220-4F0A-92A0-BFC892052A23}.Debug|Any CPU.Build.0 = Debug|Any CPU
		{B53A32B5-F220-4F0A-92A0-BFC892052A23}.Debug|Mixed Platforms.ActiveCfg = Debug|Any CPU
		{B53A32B5-F220-4F0A-92A0-BFC892052A23}.Debug|Mixed Platforms.Build.0 = Debug|Any CPU
		{B53A32B5-F220-4F0A-92A0-BFC892052A23}.Debug|x86.ActiveCfg = Debug|Any CPU
		{B53A32B5-F220-4F0A-92A0-BFC892052A23}.Release|Any CPU.ActiveCfg = Release|Any CPU
		{B53A32B5-F220-4F0A-92A0-BFC892052A23}.Release|Any CPU.Build.0 = Release|Any CPU
		{B53A32B5-F220-4F0A-92A0-BFC892052A23}.Release|Mixed Platforms.ActiveCfg = Release|Any CPU
		{B53A32B5-F220-4F0A-92A0-BFC892052A23}.Release|Mixed Platforms.Build.0 = Release|Any CPU
		{B53A32B5-F220-4F0A-92A0-BFC892052A23}.Release|x86.ActiveCfg = Release|Any CPU
	EndGlobalSection
	GlobalSection(SolutionProperties) = preSolution
		HideSolutionNode = FALSE
	EndGlobalSection
EndGlobal
